
Microsoft Visual Studio Solution File, Format Version 12.00
# Visual Studio Version 16
VisualStudioVersion = 16.0.30523.141
MinimumVisualStudioVersion = 10.0.40219.1
Project("{FAE04EC0-301F-11D3-BF4B-00C04F79EFBC}") = "QuizDoMilhao", "QuizDoMilhao\QuizDoMilhao.csproj", "{8E2F663B-E6D9-42BB-815D-3455926537D9}"
EndProject
Global
	GlobalSection(SolutionConfigurationPlatforms) = preSolution
		Debug|Any CPU = Debug|Any CPU
		Release|Any CPU = Release|Any CPU
	EndGlobalSection
	GlobalSection(ProjectConfigurationPlatforms) = postSolution
		{8E2F663B-E6D9-42BB-815D-3455926537D9}.Debug|Any CPU.ActiveCfg = Debug|Any CPU
		{8E2F663B-E6D9-42BB-815D-3455926537D9}.Debug|Any CPU.Build.0 = Debug|Any CPU
		{8E2F663B-E6D9-42BB-815D-3455926537D9}.Release|Any CPU.ActiveCfg = Release|Any CPU
		{8E2F663B-E6D9-42BB-815D-3455926537D9}.Release|Any CPU.Build.0 = Release|Any CPU
	EndGlobalSection
	GlobalSection(SolutionProperties) = preSolution
		HideSolutionNode = FALSE
	EndGlobalSection
	GlobalSection(ExtensibilityGlobals) = postSolution
		SolutionGuid = {4DC5D7F3-20AA-43CF-932A-8C081640EF88}
	EndGlobalSection
EndGlobal
